// !$*UTF8*$!
{
	archiveVersion = 1;
	classes = {
	};
	objectVersion = 55;
	objects = {

/* Begin PBXBuildFile section */
		3162B0D17DEA0547DD4D9AB8 /* Pods_Webmotors.framework in Frameworks */ = {isa = PBXBuildFile; fileRef = 2B5B16CB004E0CA94275609B /* Pods_Webmotors.framework */; };
		490F85128E528D394EBF8D5A /* Pods_Webmotors_WebmotorsUITests.framework in Frameworks */ = {isa = PBXBuildFile; fileRef = 066A0E5FD81CA1DA27C61039 /* Pods_Webmotors_WebmotorsUITests.framework */; };
		AABFE81457D63198FA58E7C3 /* Pods_WebmotorsTests.framework in Frameworks */ = {isa = PBXBuildFile; fileRef = 8C906085F10BA556C567E93B /* Pods_WebmotorsTests.framework */; };
		EF88EFD5286C972B0035F6C3 /* MainList.swift in Sources */ = {isa = PBXBuildFile; fileRef = EF88EFD4286C972B0035F6C3 /* MainList.swift */; };
		EF88EFD8286CBF6D0035F6C3 /* DetailView.swift in Sources */ = {isa = PBXBuildFile; fileRef = EF88EFD7286CBF6D0035F6C3 /* DetailView.swift */; };
		EF88EFDA286CBFCB0035F6C3 /* DetailViewController.swift in Sources */ = {isa = PBXBuildFile; fileRef = EF88EFD9286CBFCB0035F6C3 /* DetailViewController.swift */; };
		EF88EFDC286CC5050035F6C3 /* UIBarButtonItem+Extension.swift in Sources */ = {isa = PBXBuildFile; fileRef = EF88EFDB286CC5050035F6C3 /* UIBarButtonItem+Extension.swift */; };
		EF88EFDE286CDD7B0035F6C3 /* ItemBoxView.swift in Sources */ = {isa = PBXBuildFile; fileRef = EF88EFDD286CDD7A0035F6C3 /* ItemBoxView.swift */; };
		EF88EFE3286CE9FD0035F6C3 /* Nunito-Medium.ttf in Resources */ = {isa = PBXBuildFile; fileRef = EF88EFE0286CE9FC0035F6C3 /* Nunito-Medium.ttf */; };
		EF88EFE4286CE9FD0035F6C3 /* Nunito-ExtraBold.ttf in Resources */ = {isa = PBXBuildFile; fileRef = EF88EFE1286CE9FC0035F6C3 /* Nunito-ExtraBold.ttf */; };
		EF88EFE5286CE9FD0035F6C3 /* Nunito-ExtraLight.ttf in Resources */ = {isa = PBXBuildFile; fileRef = EF88EFE2286CE9FD0035F6C3 /* Nunito-ExtraLight.ttf */; };
		EF88EFE7286CEF0D0035F6C3 /* NavigationBackButton.swift in Sources */ = {isa = PBXBuildFile; fileRef = EF88EFE6286CEF0D0035F6C3 /* NavigationBackButton.swift */; };
		EF88EFEB286D470C0035F6C3 /* PaginatorView.swift in Sources */ = {isa = PBXBuildFile; fileRef = EF88EFEA286D470C0035F6C3 /* PaginatorView.swift */; };
		EF88EFED286D55A80035F6C3 /* UIImageView+Extension.swift in Sources */ = {isa = PBXBuildFile; fileRef = EF88EFEC286D55A80035F6C3 /* UIImageView+Extension.swift */; };
		EF932B292869E96300F2FAD3 /* AppDelegate.swift in Sources */ = {isa = PBXBuildFile; fileRef = EF932B282869E96300F2FAD3 /* AppDelegate.swift */; };
		EF932B2B2869E96300F2FAD3 /* SceneDelegate.swift in Sources */ = {isa = PBXBuildFile; fileRef = EF932B2A2869E96300F2FAD3 /* SceneDelegate.swift */; };
		EF932B2D2869E96300F2FAD3 /* ViewController.swift in Sources */ = {isa = PBXBuildFile; fileRef = EF932B2C2869E96300F2FAD3 /* ViewController.swift */; };
		EF932B302869E96300F2FAD3 /* Main.storyboard in Resources */ = {isa = PBXBuildFile; fileRef = EF932B2E2869E96300F2FAD3 /* Main.storyboard */; };
		EF932B322869E96400F2FAD3 /* Assets.xcassets in Resources */ = {isa = PBXBuildFile; fileRef = EF932B312869E96400F2FAD3 /* Assets.xcassets */; };
		EF932B352869E96400F2FAD3 /* LaunchScreen.storyboard in Resources */ = {isa = PBXBuildFile; fileRef = EF932B332869E96400F2FAD3 /* LaunchScreen.storyboard */; };
		EF932B402869E96500F2FAD3 /* WebmotorsTests.swift in Sources */ = {isa = PBXBuildFile; fileRef = EF932B3F2869E96500F2FAD3 /* WebmotorsTests.swift */; };
		EF932B4A2869E96500F2FAD3 /* WebmotorsUITests.swift in Sources */ = {isa = PBXBuildFile; fileRef = EF932B492869E96500F2FAD3 /* WebmotorsUITests.swift */; };
		EF932B4C2869E96500F2FAD3 /* WebmotorsUITestsLaunchTests.swift in Sources */ = {isa = PBXBuildFile; fileRef = EF932B4B2869E96500F2FAD3 /* WebmotorsUITestsLaunchTests.swift */; };
		EF932B5D2869EBFF00F2FAD3 /* Worker.swift in Sources */ = {isa = PBXBuildFile; fileRef = EF932B5C2869EBFF00F2FAD3 /* Worker.swift */; };
		EF932B602869EC4F00F2FAD3 /* ServerError.swift in Sources */ = {isa = PBXBuildFile; fileRef = EF932B5F2869EC4F00F2FAD3 /* ServerError.swift */; };
		EF932B622869EC7B00F2FAD3 /* Request.swift in Sources */ = {isa = PBXBuildFile; fileRef = EF932B612869EC7B00F2FAD3 /* Request.swift */; };
		EF932B642869ECDB00F2FAD3 /* Response.swift in Sources */ = {isa = PBXBuildFile; fileRef = EF932B632869ECDB00F2FAD3 /* Response.swift */; };
		EF932B672869F93300F2FAD3 /* CardViewCell.swift in Sources */ = {isa = PBXBuildFile; fileRef = EF932B662869F93300F2FAD3 /* CardViewCell.swift */; };
		EF932B6A2869F9FF00F2FAD3 /* BaseView.swift in Sources */ = {isa = PBXBuildFile; fileRef = EF932B692869F9FF00F2FAD3 /* BaseView.swift */; };
		EF932B6C2869FA3400F2FAD3 /* BaseViewController.swift in Sources */ = {isa = PBXBuildFile; fileRef = EF932B6B2869FA3300F2FAD3 /* BaseViewController.swift */; };
		EF932B6E2869FB7F00F2FAD3 /* MainListViewController.swift in Sources */ = {isa = PBXBuildFile; fileRef = EF932B6D2869FB7F00F2FAD3 /* MainListViewController.swift */; };
		EF932B702869FC4F00F2FAD3 /* MainListView.swift in Sources */ = {isa = PBXBuildFile; fileRef = EF932B6F2869FC4F00F2FAD3 /* MainListView.swift */; };
		EF932B72286A008500F2FAD3 /* MainListViewModel.swift in Sources */ = {isa = PBXBuildFile; fileRef = EF932B71286A008500F2FAD3 /* MainListViewModel.swift */; };
		EF932B74286A012C00F2FAD3 /* Colors.swift in Sources */ = {isa = PBXBuildFile; fileRef = EF932B73286A012C00F2FAD3 /* Colors.swift */; };
		EF932B77286A017800F2FAD3 /* UIColor+Extenson.swift in Sources */ = {isa = PBXBuildFile; fileRef = EF932B76286A017800F2FAD3 /* UIColor+Extenson.swift */; };
		EF932B79286A101200F2FAD3 /* UIView+Extension.swift in Sources */ = {isa = PBXBuildFile; fileRef = EF932B78286A101200F2FAD3 /* UIView+Extension.swift */; };
		EF932B7B286A183700F2FAD3 /* Endpoints.swift in Sources */ = {isa = PBXBuildFile; fileRef = EF932B7A286A183700F2FAD3 /* Endpoints.swift */; };
		EF932B7D286A195700F2FAD3 /* Make.swift in Sources */ = {isa = PBXBuildFile; fileRef = EF932B7C286A195700F2FAD3 /* Make.swift */; };
		EFC157B1286B7EE80008EF4E /* Model.swift in Sources */ = {isa = PBXBuildFile; fileRef = EFC157B0286B7EE80008EF4E /* Model.swift */; };
		EFC157B3286B80470008EF4E /* NetworParser.swift in Sources */ = {isa = PBXBuildFile; fileRef = EFC157B2286B80470008EF4E /* NetworParser.swift */; };
		EFC157B5286B965A0008EF4E /* Version.swift in Sources */ = {isa = PBXBuildFile; fileRef = EFC157B4286B965A0008EF4E /* Version.swift */; };
		EFC157B7286B971B0008EF4E /* Vehicle.swift in Sources */ = {isa = PBXBuildFile; fileRef = EFC157B6286B971B0008EF4E /* Vehicle.swift */; };
/* End PBXBuildFile section */

/* Begin PBXContainerItemProxy section */
		EF932B3C2869E96500F2FAD3 /* PBXContainerItemProxy */ = {
			isa = PBXContainerItemProxy;
			containerPortal = EF932B1D2869E96200F2FAD3 /* Project object */;
			proxyType = 1;
			remoteGlobalIDString = EF932B242869E96200F2FAD3;
			remoteInfo = Webmotors;
		};
		EF932B462869E96500F2FAD3 /* PBXContainerItemProxy */ = {
			isa = PBXContainerItemProxy;
			containerPortal = EF932B1D2869E96200F2FAD3 /* Project object */;
			proxyType = 1;
			remoteGlobalIDString = EF932B242869E96200F2FAD3;
			remoteInfo = Webmotors;
		};
/* End PBXContainerItemProxy section */

/* Begin PBXFileReference section */
		066A0E5FD81CA1DA27C61039 /* Pods_Webmotors_WebmotorsUITests.framework */ = {isa = PBXFileReference; explicitFileType = wrapper.framework; includeInIndex = 0; path = Pods_Webmotors_WebmotorsUITests.framework; sourceTree = BUILT_PRODUCTS_DIR; };
		2B5B16CB004E0CA94275609B /* Pods_Webmotors.framework */ = {isa = PBXFileReference; explicitFileType = wrapper.framework; includeInIndex = 0; path = Pods_Webmotors.framework; sourceTree = BUILT_PRODUCTS_DIR; };
		41F4CAD8AAB6AF69717AA562 /* Pods-Webmotors.debug.xcconfig */ = {isa = PBXFileReference; includeInIndex = 1; lastKnownFileType = text.xcconfig; name = "Pods-Webmotors.debug.xcconfig"; path = "Target Support Files/Pods-Webmotors/Pods-Webmotors.debug.xcconfig"; sourceTree = "<group>"; };
		8983A1687B6CE4E4B5E0D9C6 /* Pods-WebmotorsTests.release.xcconfig */ = {isa = PBXFileReference; includeInIndex = 1; lastKnownFileType = text.xcconfig; name = "Pods-WebmotorsTests.release.xcconfig"; path = "Target Support Files/Pods-WebmotorsTests/Pods-WebmotorsTests.release.xcconfig"; sourceTree = "<group>"; };
		8C906085F10BA556C567E93B /* Pods_WebmotorsTests.framework */ = {isa = PBXFileReference; explicitFileType = wrapper.framework; includeInIndex = 0; path = Pods_WebmotorsTests.framework; sourceTree = BUILT_PRODUCTS_DIR; };
		9EE2FC9245EBADE571376E30 /* Pods-Webmotors-WebmotorsUITests.release.xcconfig */ = {isa = PBXFileReference; includeInIndex = 1; lastKnownFileType = text.xcconfig; name = "Pods-Webmotors-WebmotorsUITests.release.xcconfig"; path = "Target Support Files/Pods-Webmotors-WebmotorsUITests/Pods-Webmotors-WebmotorsUITests.release.xcconfig"; sourceTree = "<group>"; };
		D7C80E91DA1F389ACCFAD53E /* Pods-Webmotors.release.xcconfig */ = {isa = PBXFileReference; includeInIndex = 1; lastKnownFileType = text.xcconfig; name = "Pods-Webmotors.release.xcconfig"; path = "Target Support Files/Pods-Webmotors/Pods-Webmotors.release.xcconfig"; sourceTree = "<group>"; };
		EF88EFD4286C972B0035F6C3 /* MainList.swift */ = {isa = PBXFileReference; lastKnownFileType = sourcecode.swift; path = MainList.swift; sourceTree = "<group>"; };
		EF88EFD7286CBF6D0035F6C3 /* DetailView.swift */ = {isa = PBXFileReference; lastKnownFileType = sourcecode.swift; path = DetailView.swift; sourceTree = "<group>"; };
		EF88EFD9286CBFCB0035F6C3 /* DetailViewController.swift */ = {isa = PBXFileReference; lastKnownFileType = sourcecode.swift; path = DetailViewController.swift; sourceTree = "<group>"; };
		EF88EFDB286CC5050035F6C3 /* UIBarButtonItem+Extension.swift */ = {isa = PBXFileReference; lastKnownFileType = sourcecode.swift; path = "UIBarButtonItem+Extension.swift"; sourceTree = "<group>"; };
		EF88EFDD286CDD7A0035F6C3 /* ItemBoxView.swift */ = {isa = PBXFileReference; lastKnownFileType = sourcecode.swift; path = ItemBoxView.swift; sourceTree = "<group>"; };
		EF88EFE0286CE9FC0035F6C3 /* Nunito-Medium.ttf */ = {isa = PBXFileReference; lastKnownFileType = file; path = "Nunito-Medium.ttf"; sourceTree = "<group>"; };
		EF88EFE1286CE9FC0035F6C3 /* Nunito-ExtraBold.ttf */ = {isa = PBXFileReference; lastKnownFileType = file; path = "Nunito-ExtraBold.ttf"; sourceTree = "<group>"; };
		EF88EFE2286CE9FD0035F6C3 /* Nunito-ExtraLight.ttf */ = {isa = PBXFileReference; lastKnownFileType = file; path = "Nunito-ExtraLight.ttf"; sourceTree = "<group>"; };
		EF88EFE6286CEF0D0035F6C3 /* NavigationBackButton.swift */ = {isa = PBXFileReference; lastKnownFileType = sourcecode.swift; path = NavigationBackButton.swift; sourceTree = "<group>"; };
		EF88EFEA286D470C0035F6C3 /* PaginatorView.swift */ = {isa = PBXFileReference; lastKnownFileType = sourcecode.swift; path = PaginatorView.swift; sourceTree = "<group>"; };
		EF88EFEC286D55A80035F6C3 /* UIImageView+Extension.swift */ = {isa = PBXFileReference; lastKnownFileType = sourcecode.swift; path = "UIImageView+Extension.swift"; sourceTree = "<group>"; };
		EF932B252869E96200F2FAD3 /* Webmotors.app */ = {isa = PBXFileReference; explicitFileType = wrapper.application; includeInIndex = 0; path = Webmotors.app; sourceTree = BUILT_PRODUCTS_DIR; };
		EF932B282869E96300F2FAD3 /* AppDelegate.swift */ = {isa = PBXFileReference; lastKnownFileType = sourcecode.swift; path = AppDelegate.swift; sourceTree = "<group>"; };
		EF932B2A2869E96300F2FAD3 /* SceneDelegate.swift */ = {isa = PBXFileReference; lastKnownFileType = sourcecode.swift; path = SceneDelegate.swift; sourceTree = "<group>"; };
		EF932B2C2869E96300F2FAD3 /* ViewController.swift */ = {isa = PBXFileReference; lastKnownFileType = sourcecode.swift; path = ViewController.swift; sourceTree = "<group>"; };
		EF932B2F2869E96300F2FAD3 /* Base */ = {isa = PBXFileReference; lastKnownFileType = file.storyboard; name = Base; path = Base.lproj/Main.storyboard; sourceTree = "<group>"; };
		EF932B312869E96400F2FAD3 /* Assets.xcassets */ = {isa = PBXFileReference; lastKnownFileType = folder.assetcatalog; path = Assets.xcassets; sourceTree = "<group>"; };
		EF932B342869E96400F2FAD3 /* Base */ = {isa = PBXFileReference; lastKnownFileType = file.storyboard; name = Base; path = Base.lproj/LaunchScreen.storyboard; sourceTree = "<group>"; };
		EF932B362869E96400F2FAD3 /* Info.plist */ = {isa = PBXFileReference; lastKnownFileType = text.plist.xml; path = Info.plist; sourceTree = "<group>"; };
		EF932B3B2869E96500F2FAD3 /* WebmotorsTests.xctest */ = {isa = PBXFileReference; explicitFileType = wrapper.cfbundle; includeInIndex = 0; path = WebmotorsTests.xctest; sourceTree = BUILT_PRODUCTS_DIR; };
		EF932B3F2869E96500F2FAD3 /* WebmotorsTests.swift */ = {isa = PBXFileReference; lastKnownFileType = sourcecode.swift; path = WebmotorsTests.swift; sourceTree = "<group>"; };
		EF932B452869E96500F2FAD3 /* WebmotorsUITests.xctest */ = {isa = PBXFileReference; explicitFileType = wrapper.cfbundle; includeInIndex = 0; path = WebmotorsUITests.xctest; sourceTree = BUILT_PRODUCTS_DIR; };
		EF932B492869E96500F2FAD3 /* WebmotorsUITests.swift */ = {isa = PBXFileReference; lastKnownFileType = sourcecode.swift; path = WebmotorsUITests.swift; sourceTree = "<group>"; };
		EF932B4B2869E96500F2FAD3 /* WebmotorsUITestsLaunchTests.swift */ = {isa = PBXFileReference; lastKnownFileType = sourcecode.swift; path = WebmotorsUITestsLaunchTests.swift; sourceTree = "<group>"; };
		EF932B5C2869EBFF00F2FAD3 /* Worker.swift */ = {isa = PBXFileReference; lastKnownFileType = sourcecode.swift; path = Worker.swift; sourceTree = "<group>"; };
		EF932B5F2869EC4F00F2FAD3 /* ServerError.swift */ = {isa = PBXFileReference; lastKnownFileType = sourcecode.swift; path = ServerError.swift; sourceTree = "<group>"; };
		EF932B612869EC7B00F2FAD3 /* Request.swift */ = {isa = PBXFileReference; lastKnownFileType = sourcecode.swift; path = Request.swift; sourceTree = "<group>"; };
		EF932B632869ECDB00F2FAD3 /* Response.swift */ = {isa = PBXFileReference; lastKnownFileType = sourcecode.swift; path = Response.swift; sourceTree = "<group>"; };
		EF932B662869F93300F2FAD3 /* CardViewCell.swift */ = {isa = PBXFileReference; lastKnownFileType = sourcecode.swift; path = CardViewCell.swift; sourceTree = "<group>"; };
		EF932B692869F9FF00F2FAD3 /* BaseView.swift */ = {isa = PBXFileReference; lastKnownFileType = sourcecode.swift; path = BaseView.swift; sourceTree = "<group>"; };
		EF932B6B2869FA3300F2FAD3 /* BaseViewController.swift */ = {isa = PBXFileReference; lastKnownFileType = sourcecode.swift; path = BaseViewController.swift; sourceTree = "<group>"; };
		EF932B6D2869FB7F00F2FAD3 /* MainListViewController.swift */ = {isa = PBXFileReference; lastKnownFileType = sourcecode.swift; path = MainListViewController.swift; sourceTree = "<group>"; };
		EF932B6F2869FC4F00F2FAD3 /* MainListView.swift */ = {isa = PBXFileReference; lastKnownFileType = sourcecode.swift; path = MainListView.swift; sourceTree = "<group>"; };
		EF932B71286A008500F2FAD3 /* MainListViewModel.swift */ = {isa = PBXFileReference; lastKnownFileType = sourcecode.swift; path = MainListViewModel.swift; sourceTree = "<group>"; };
		EF932B73286A012C00F2FAD3 /* Colors.swift */ = {isa = PBXFileReference; lastKnownFileType = sourcecode.swift; path = Colors.swift; sourceTree = "<group>"; };
		EF932B76286A017800F2FAD3 /* UIColor+Extenson.swift */ = {isa = PBXFileReference; lastKnownFileType = sourcecode.swift; path = "UIColor+Extenson.swift"; sourceTree = "<group>"; };
		EF932B78286A101200F2FAD3 /* UIView+Extension.swift */ = {isa = PBXFileReference; lastKnownFileType = sourcecode.swift; path = "UIView+Extension.swift"; sourceTree = "<group>"; };
		EF932B7A286A183700F2FAD3 /* Endpoints.swift */ = {isa = PBXFileReference; lastKnownFileType = sourcecode.swift; path = Endpoints.swift; sourceTree = "<group>"; };
		EF932B7C286A195700F2FAD3 /* Make.swift */ = {isa = PBXFileReference; lastKnownFileType = sourcecode.swift; path = Make.swift; sourceTree = "<group>"; };
		EFC157B0286B7EE80008EF4E /* Model.swift */ = {isa = PBXFileReference; lastKnownFileType = sourcecode.swift; path = Model.swift; sourceTree = "<group>"; };
		EFC157B2286B80470008EF4E /* NetworParser.swift */ = {isa = PBXFileReference; lastKnownFileType = sourcecode.swift; path = NetworParser.swift; sourceTree = "<group>"; };
		EFC157B4286B965A0008EF4E /* Version.swift */ = {isa = PBXFileReference; lastKnownFileType = sourcecode.swift; path = Version.swift; sourceTree = "<group>"; };
		EFC157B6286B971B0008EF4E /* Vehicle.swift */ = {isa = PBXFileReference; lastKnownFileType = sourcecode.swift; path = Vehicle.swift; sourceTree = "<group>"; };
		F19EB9246A7674150C6242C7 /* Pods-Webmotors-WebmotorsUITests.debug.xcconfig */ = {isa = PBXFileReference; includeInIndex = 1; lastKnownFileType = text.xcconfig; name = "Pods-Webmotors-WebmotorsUITests.debug.xcconfig"; path = "Target Support Files/Pods-Webmotors-WebmotorsUITests/Pods-Webmotors-WebmotorsUITests.debug.xcconfig"; sourceTree = "<group>"; };
		F45F0D99EA732A07C2A327C2 /* Pods-WebmotorsTests.debug.xcconfig */ = {isa = PBXFileReference; includeInIndex = 1; lastKnownFileType = text.xcconfig; name = "Pods-WebmotorsTests.debug.xcconfig"; path = "Target Support Files/Pods-WebmotorsTests/Pods-WebmotorsTests.debug.xcconfig"; sourceTree = "<group>"; };
/* End PBXFileReference section */

/* Begin PBXFrameworksBuildPhase section */
		EF932B222869E96200F2FAD3 /* Frameworks */ = {
			isa = PBXFrameworksBuildPhase;
			buildActionMask = 2147483647;
			files = (
				3162B0D17DEA0547DD4D9AB8 /* Pods_Webmotors.framework in Frameworks */,
			);
			runOnlyForDeploymentPostprocessing = 0;
		};
		EF932B382869E96500F2FAD3 /* Frameworks */ = {
			isa = PBXFrameworksBuildPhase;
			buildActionMask = 2147483647;
			files = (
				AABFE81457D63198FA58E7C3 /* Pods_WebmotorsTests.framework in Frameworks */,
			);
			runOnlyForDeploymentPostprocessing = 0;
		};
		EF932B422869E96500F2FAD3 /* Frameworks */ = {
			isa = PBXFrameworksBuildPhase;
			buildActionMask = 2147483647;
			files = (
				490F85128E528D394EBF8D5A /* Pods_Webmotors_WebmotorsUITests.framework in Frameworks */,
			);
			runOnlyForDeploymentPostprocessing = 0;
		};
/* End PBXFrameworksBuildPhase section */

/* Begin PBXGroup section */
		101E335A3F8B404E5D5AE931 /* Frameworks */ = {
			isa = PBXGroup;
			children = (
				2B5B16CB004E0CA94275609B /* Pods_Webmotors.framework */,
				066A0E5FD81CA1DA27C61039 /* Pods_Webmotors_WebmotorsUITests.framework */,
				8C906085F10BA556C567E93B /* Pods_WebmotorsTests.framework */,
			);
			name = Frameworks;
			sourceTree = "<group>";
		};
		9FB483A692C295DF54B28D8E /* Pods */ = {
			isa = PBXGroup;
			children = (
				41F4CAD8AAB6AF69717AA562 /* Pods-Webmotors.debug.xcconfig */,
				D7C80E91DA1F389ACCFAD53E /* Pods-Webmotors.release.xcconfig */,
				F19EB9246A7674150C6242C7 /* Pods-Webmotors-WebmotorsUITests.debug.xcconfig */,
				9EE2FC9245EBADE571376E30 /* Pods-Webmotors-WebmotorsUITests.release.xcconfig */,
				F45F0D99EA732A07C2A327C2 /* Pods-WebmotorsTests.debug.xcconfig */,
				8983A1687B6CE4E4B5E0D9C6 /* Pods-WebmotorsTests.release.xcconfig */,
			);
			path = Pods;
			sourceTree = "<group>";
		};
		EF88EFD6286CBF5F0035F6C3 /* Detail */ = {
			isa = PBXGroup;
			children = (
				EF88EFD7286CBF6D0035F6C3 /* DetailView.swift */,
				EF88EFD9286CBFCB0035F6C3 /* DetailViewController.swift */,
			);
			path = Detail;
			sourceTree = "<group>";
		};
		EF88EFDF286CE9ED0035F6C3 /* Fonts */ = {
			isa = PBXGroup;
			children = (
				EF88EFE1286CE9FC0035F6C3 /* Nunito-ExtraBold.ttf */,
				EF88EFE2286CE9FD0035F6C3 /* Nunito-ExtraLight.ttf */,
				EF88EFE0286CE9FC0035F6C3 /* Nunito-Medium.ttf */,
			);
			path = Fonts;
			sourceTree = "<group>";
		};
		EF932B1C2869E96200F2FAD3 = {
			isa = PBXGroup;
			children = (
				EF932B272869E96300F2FAD3 /* Webmotors */,
				EF932B3E2869E96500F2FAD3 /* WebmotorsTests */,
				EF932B482869E96500F2FAD3 /* WebmotorsUITests */,
				EF932B262869E96200F2FAD3 /* Products */,
				9FB483A692C295DF54B28D8E /* Pods */,
				101E335A3F8B404E5D5AE931 /* Frameworks */,
			);
			sourceTree = "<group>";
		};
		EF932B262869E96200F2FAD3 /* Products */ = {
			isa = PBXGroup;
			children = (
				EF932B252869E96200F2FAD3 /* Webmotors.app */,
				EF932B3B2869E96500F2FAD3 /* WebmotorsTests.xctest */,
				EF932B452869E96500F2FAD3 /* WebmotorsUITests.xctest */,
			);
			name = Products;
			sourceTree = "<group>";
		};
		EF932B272869E96300F2FAD3 /* Webmotors */ = {
			isa = PBXGroup;
			children = (
				EFC157B8286B9A260008EF4E /* Common */,
				EF932B652869F91900F2FAD3 /* UI */,
				EF932B75286A015F00F2FAD3 /* Extensions */,
				EF932B582869EB0800F2FAD3 /* Models */,
				EF932B592869EB1700F2FAD3 /* Services */,
				EF932B5A2869EB3A00F2FAD3 /* Views */,
				EF932B2E2869E96300F2FAD3 /* Main.storyboard */,
				EF932B332869E96400F2FAD3 /* LaunchScreen.storyboard */,
				EF932B362869E96400F2FAD3 /* Info.plist */,
			);
			path = Webmotors;
			sourceTree = "<group>";
		};
		EF932B3E2869E96500F2FAD3 /* WebmotorsTests */ = {
			isa = PBXGroup;
			children = (
				EF932B3F2869E96500F2FAD3 /* WebmotorsTests.swift */,
			);
			path = WebmotorsTests;
			sourceTree = "<group>";
		};
		EF932B482869E96500F2FAD3 /* WebmotorsUITests */ = {
			isa = PBXGroup;
			children = (
				EF932B492869E96500F2FAD3 /* WebmotorsUITests.swift */,
				EF932B4B2869E96500F2FAD3 /* WebmotorsUITestsLaunchTests.swift */,
			);
			path = WebmotorsUITests;
			sourceTree = "<group>";
		};
		EF932B582869EB0800F2FAD3 /* Models */ = {
			isa = PBXGroup;
			children = (
				EF932B7C286A195700F2FAD3 /* Make.swift */,
				EFC157B0286B7EE80008EF4E /* Model.swift */,
				EFC157B4286B965A0008EF4E /* Version.swift */,
				EFC157B6286B971B0008EF4E /* Vehicle.swift */,
				EF88EFD4286C972B0035F6C3 /* MainList.swift */,
			);
			path = Models;
			sourceTree = "<group>";
		};
		EF932B592869EB1700F2FAD3 /* Services */ = {
			isa = PBXGroup;
			children = (
				EF932B5E2869EC3E00F2FAD3 /* Reusable */,
				EF932B5C2869EBFF00F2FAD3 /* Worker.swift */,
				EF932B7A286A183700F2FAD3 /* Endpoints.swift */,
				EFC157B2286B80470008EF4E /* NetworParser.swift */,
			);
			path = Services;
			sourceTree = "<group>";
		};
		EF932B5A2869EB3A00F2FAD3 /* Views */ = {
			isa = PBXGroup;
			children = (
				EF932B5B2869EB5000F2FAD3 /* List */,
				EF88EFD6286CBF5F0035F6C3 /* Detail */,
			);
			path = Views;
			sourceTree = "<group>";
		};
		EF932B5B2869EB5000F2FAD3 /* List */ = {
			isa = PBXGroup;
			children = (
				EF932B6F2869FC4F00F2FAD3 /* MainListView.swift */,
				EF932B6D2869FB7F00F2FAD3 /* MainListViewController.swift */,
				EF932B71286A008500F2FAD3 /* MainListViewModel.swift */,
			);
			path = List;
			sourceTree = "<group>";
		};
		EF932B5E2869EC3E00F2FAD3 /* Reusable */ = {
			isa = PBXGroup;
			children = (
				EF932B612869EC7B00F2FAD3 /* Request.swift */,
				EF932B5F2869EC4F00F2FAD3 /* ServerError.swift */,
				EF932B632869ECDB00F2FAD3 /* Response.swift */,
			);
			path = Reusable;
			sourceTree = "<group>";
		};
		EF932B652869F91900F2FAD3 /* UI */ = {
			isa = PBXGroup;
			children = (
				EF88EFDF286CE9ED0035F6C3 /* Fonts */,
				EF932B682869F9F400F2FAD3 /* Reusable */,
				EF932B662869F93300F2FAD3 /* CardViewCell.swift */,
				EF88EFDD286CDD7A0035F6C3 /* ItemBoxView.swift */,
				EF88EFE6286CEF0D0035F6C3 /* NavigationBackButton.swift */,
				EF88EFEA286D470C0035F6C3 /* PaginatorView.swift */,
			);
			path = UI;
			sourceTree = "<group>";
		};
		EF932B682869F9F400F2FAD3 /* Reusable */ = {
			isa = PBXGroup;
			children = (
				EF932B692869F9FF00F2FAD3 /* BaseView.swift */,
				EF932B6B2869FA3300F2FAD3 /* BaseViewController.swift */,
				EF932B73286A012C00F2FAD3 /* Colors.swift */,
			);
			path = Reusable;
			sourceTree = "<group>";
		};
		EF932B75286A015F00F2FAD3 /* Extensions */ = {
			isa = PBXGroup;
			children = (
				EF932B76286A017800F2FAD3 /* UIColor+Extenson.swift */,
				EF932B78286A101200F2FAD3 /* UIView+Extension.swift */,
				EF88EFDB286CC5050035F6C3 /* UIBarButtonItem+Extension.swift */,
				EF88EFEC286D55A80035F6C3 /* UIImageView+Extension.swift */,
			);
			path = Extensions;
			sourceTree = "<group>";
		};
		EFC157B8286B9A260008EF4E /* Common */ = {
			isa = PBXGroup;
			children = (
				EF932B312869E96400F2FAD3 /* Assets.xcassets */,
				EF932B282869E96300F2FAD3 /* AppDelegate.swift */,
				EF932B2A2869E96300F2FAD3 /* SceneDelegate.swift */,
				EF932B2C2869E96300F2FAD3 /* ViewController.swift */,
			);
			path = Common;
			sourceTree = "<group>";
		};
/* End PBXGroup section */

/* Begin PBXNativeTarget section */
		EF932B242869E96200F2FAD3 /* Webmotors */ = {
			isa = PBXNativeTarget;
			buildConfigurationList = EF932B4F2869E96500F2FAD3 /* Build configuration list for PBXNativeTarget "Webmotors" */;
			buildPhases = (
				BB48CA1E208198540E320EAC /* [CP] Check Pods Manifest.lock */,
				EF932B212869E96200F2FAD3 /* Sources */,
				EF932B222869E96200F2FAD3 /* Frameworks */,
				EF932B232869E96200F2FAD3 /* Resources */,
				846161C53CC046818A430256 /* [CP] Embed Pods Frameworks */,
			);
			buildRules = (
			);
			dependencies = (
			);
			name = Webmotors;
			productName = Webmotors;
			productReference = EF932B252869E96200F2FAD3 /* Webmotors.app */;
			productType = "com.apple.product-type.application";
		};
		EF932B3A2869E96500F2FAD3 /* WebmotorsTests */ = {
			isa = PBXNativeTarget;
			buildConfigurationList = EF932B522869E96500F2FAD3 /* Build configuration list for PBXNativeTarget "WebmotorsTests" */;
			buildPhases = (
				351CDD54FFAAE8EF3419B1EF /* [CP] Check Pods Manifest.lock */,
				EF932B372869E96500F2FAD3 /* Sources */,
				EF932B382869E96500F2FAD3 /* Frameworks */,
				EF932B392869E96500F2FAD3 /* Resources */,
			);
			buildRules = (
			);
			dependencies = (
				EF932B3D2869E96500F2FAD3 /* PBXTargetDependency */,
			);
			name = WebmotorsTests;
			productName = WebmotorsTests;
			productReference = EF932B3B2869E96500F2FAD3 /* WebmotorsTests.xctest */;
			productType = "com.apple.product-type.bundle.unit-test";
		};
		EF932B442869E96500F2FAD3 /* WebmotorsUITests */ = {
			isa = PBXNativeTarget;
			buildConfigurationList = EF932B552869E96500F2FAD3 /* Build configuration list for PBXNativeTarget "WebmotorsUITests" */;
			buildPhases = (
				F523BAC95C16AB949FB99A26 /* [CP] Check Pods Manifest.lock */,
				EF932B412869E96500F2FAD3 /* Sources */,
				EF932B422869E96500F2FAD3 /* Frameworks */,
				EF932B432869E96500F2FAD3 /* Resources */,
				92F9296707F6267187B9CB5D /* [CP] Embed Pods Frameworks */,
			);
			buildRules = (
			);
			dependencies = (
				EF932B472869E96500F2FAD3 /* PBXTargetDependency */,
			);
			name = WebmotorsUITests;
			productName = WebmotorsUITests;
			productReference = EF932B452869E96500F2FAD3 /* WebmotorsUITests.xctest */;
			productType = "com.apple.product-type.bundle.ui-testing";
		};
/* End PBXNativeTarget section */

/* Begin PBXProject section */
		EF932B1D2869E96200F2FAD3 /* Project object */ = {
			isa = PBXProject;
			attributes = {
				BuildIndependentTargetsInParallel = 1;
				LastSwiftUpdateCheck = 1310;
				LastUpgradeCheck = 1310;
				TargetAttributes = {
					EF932B242869E96200F2FAD3 = {
						CreatedOnToolsVersion = 13.1;
					};
					EF932B3A2869E96500F2FAD3 = {
						CreatedOnToolsVersion = 13.1;
						TestTargetID = EF932B242869E96200F2FAD3;
					};
					EF932B442869E96500F2FAD3 = {
						CreatedOnToolsVersion = 13.1;
						TestTargetID = EF932B242869E96200F2FAD3;
					};
				};
			};
			buildConfigurationList = EF932B202869E96200F2FAD3 /* Build configuration list for PBXProject "Webmotors" */;
			compatibilityVersion = "Xcode 13.0";
			developmentRegion = en;
			hasScannedForEncodings = 0;
			knownRegions = (
				en,
				Base,
			);
			mainGroup = EF932B1C2869E96200F2FAD3;
			productRefGroup = EF932B262869E96200F2FAD3 /* Products */;
			projectDirPath = "";
			projectRoot = "";
			targets = (
				EF932B242869E96200F2FAD3 /* Webmotors */,
				EF932B3A2869E96500F2FAD3 /* WebmotorsTests */,
				EF932B442869E96500F2FAD3 /* WebmotorsUITests */,
			);
		};
/* End PBXProject section */

/* Begin PBXResourcesBuildPhase section */
		EF932B232869E96200F2FAD3 /* Resources */ = {
			isa = PBXResourcesBuildPhase;
			buildActionMask = 2147483647;
			files = (
				EF88EFE3286CE9FD0035F6C3 /* Nunito-Medium.ttf in Resources */,
				EF932B352869E96400F2FAD3 /* LaunchScreen.storyboard in Resources */,
				EF88EFE4286CE9FD0035F6C3 /* Nunito-ExtraBold.ttf in Resources */,
				EF88EFE5286CE9FD0035F6C3 /* Nunito-ExtraLight.ttf in Resources */,
				EF932B322869E96400F2FAD3 /* Assets.xcassets in Resources */,
				EF932B302869E96300F2FAD3 /* Main.storyboard in Resources */,
			);
			runOnlyForDeploymentPostprocessing = 0;
		};
		EF932B392869E96500F2FAD3 /* Resources */ = {
			isa = PBXResourcesBuildPhase;
			buildActionMask = 2147483647;
			files = (
			);
			runOnlyForDeploymentPostprocessing = 0;
		};
		EF932B432869E96500F2FAD3 /* Resources */ = {
			isa = PBXResourcesBuildPhase;
			buildActionMask = 2147483647;
			files = (
			);
			runOnlyForDeploymentPostprocessing = 0;
		};
/* End PBXResourcesBuildPhase section */

/* Begin PBXShellScriptBuildPhase section */
		351CDD54FFAAE8EF3419B1EF /* [CP] Check Pods Manifest.lock */ = {
			isa = PBXShellScriptBuildPhase;
			buildActionMask = 2147483647;
			files = (
			);
			inputFileListPaths = (
			);
			inputPaths = (
				"${PODS_PODFILE_DIR_PATH}/Podfile.lock",
				"${PODS_ROOT}/Manifest.lock",
			);
			name = "[CP] Check Pods Manifest.lock";
			outputFileListPaths = (
			);
			outputPaths = (
				"$(DERIVED_FILE_DIR)/Pods-WebmotorsTests-checkManifestLockResult.txt",
			);
			runOnlyForDeploymentPostprocessing = 0;
			shellPath = /bin/sh;
			shellScript = "diff \"${PODS_PODFILE_DIR_PATH}/Podfile.lock\" \"${PODS_ROOT}/Manifest.lock\" > /dev/null\nif [ $? != 0 ] ; then\n    # print error to STDERR\n    echo \"error: The sandbox is not in sync with the Podfile.lock. Run 'pod install' or update your CocoaPods installation.\" >&2\n    exit 1\nfi\n# This output is used by Xcode 'outputs' to avoid re-running this script phase.\necho \"SUCCESS\" > \"${SCRIPT_OUTPUT_FILE_0}\"\n";
			showEnvVarsInLog = 0;
		};
		846161C53CC046818A430256 /* [CP] Embed Pods Frameworks */ = {
			isa = PBXShellScriptBuildPhase;
			buildActionMask = 2147483647;
			files = (
			);
			inputFileListPaths = (
				"${PODS_ROOT}/Target Support Files/Pods-Webmotors/Pods-Webmotors-frameworks-${CONFIGURATION}-input-files.xcfilelist",
			);
			name = "[CP] Embed Pods Frameworks";
			outputFileListPaths = (
				"${PODS_ROOT}/Target Support Files/Pods-Webmotors/Pods-Webmotors-frameworks-${CONFIGURATION}-output-files.xcfilelist",
			);
			runOnlyForDeploymentPostprocessing = 0;
			shellPath = /bin/sh;
			shellScript = "\"${PODS_ROOT}/Target Support Files/Pods-Webmotors/Pods-Webmotors-frameworks.sh\"\n";
			showEnvVarsInLog = 0;
		};
		92F9296707F6267187B9CB5D /* [CP] Embed Pods Frameworks */ = {
			isa = PBXShellScriptBuildPhase;
			buildActionMask = 2147483647;
			files = (
			);
			inputFileListPaths = (
				"${PODS_ROOT}/Target Support Files/Pods-Webmotors-WebmotorsUITests/Pods-Webmotors-WebmotorsUITests-frameworks-${CONFIGURATION}-input-files.xcfilelist",
			);
			name = "[CP] Embed Pods Frameworks";
			outputFileListPaths = (
				"${PODS_ROOT}/Target Support Files/Pods-Webmotors-WebmotorsUITests/Pods-Webmotors-WebmotorsUITests-frameworks-${CONFIGURATION}-output-files.xcfilelist",
			);
			runOnlyForDeploymentPostprocessing = 0;
			shellPath = /bin/sh;
			shellScript = "\"${PODS_ROOT}/Target Support Files/Pods-Webmotors-WebmotorsUITests/Pods-Webmotors-WebmotorsUITests-frameworks.sh\"\n";
			showEnvVarsInLog = 0;
		};
		BB48CA1E208198540E320EAC /* [CP] Check Pods Manifest.lock */ = {
			isa = PBXShellScriptBuildPhase;
			buildActionMask = 2147483647;
			files = (
			);
			inputFileListPaths = (
			);
			inputPaths = (
				"${PODS_PODFILE_DIR_PATH}/Podfile.lock",
				"${PODS_ROOT}/Manifest.lock",
			);
			name = "[CP] Check Pods Manifest.lock";
			outputFileListPaths = (
			);
			outputPaths = (
				"$(DERIVED_FILE_DIR)/Pods-Webmotors-checkManifestLockResult.txt",
			);
			runOnlyForDeploymentPostprocessing = 0;
			shellPath = /bin/sh;
			shellScript = "diff \"${PODS_PODFILE_DIR_PATH}/Podfile.lock\" \"${PODS_ROOT}/Manifest.lock\" > /dev/null\nif [ $? != 0 ] ; then\n    # print error to STDERR\n    echo \"error: The sandbox is not in sync with the Podfile.lock. Run 'pod install' or update your CocoaPods installation.\" >&2\n    exit 1\nfi\n# This output is used by Xcode 'outputs' to avoid re-running this script phase.\necho \"SUCCESS\" > \"${SCRIPT_OUTPUT_FILE_0}\"\n";
			showEnvVarsInLog = 0;
		};
		F523BAC95C16AB949FB99A26 /* [CP] Check Pods Manifest.lock */ = {
			isa = PBXShellScriptBuildPhase;
			buildActionMask = 2147483647;
			files = (
			);
			inputFileListPaths = (
			);
			inputPaths = (
				"${PODS_PODFILE_DIR_PATH}/Podfile.lock",
				"${PODS_ROOT}/Manifest.lock",
			);
			name = "[CP] Check Pods Manifest.lock";
			outputFileListPaths = (
			);
			outputPaths = (
				"$(DERIVED_FILE_DIR)/Pods-Webmotors-WebmotorsUITests-checkManifestLockResult.txt",
			);
			runOnlyForDeploymentPostprocessing = 0;
			shellPath = /bin/sh;
			shellScript = "diff \"${PODS_PODFILE_DIR_PATH}/Podfile.lock\" \"${PODS_ROOT}/Manifest.lock\" > /dev/null\nif [ $? != 0 ] ; then\n    # print error to STDERR\n    echo \"error: The sandbox is not in sync with the Podfile.lock. Run 'pod install' or update your CocoaPods installation.\" >&2\n    exit 1\nfi\n# This output is used by Xcode 'outputs' to avoid re-running this script phase.\necho \"SUCCESS\" > \"${SCRIPT_OUTPUT_FILE_0}\"\n";
			showEnvVarsInLog = 0;
		};
/* End PBXShellScriptBuildPhase section */

/* Begin PBXSourcesBuildPhase section */
		EF932B212869E96200F2FAD3 /* Sources */ = {
			isa = PBXSourcesBuildPhase;
			buildActionMask = 2147483647;
			files = (
				EF88EFED286D55A80035F6C3 /* UIImageView+Extension.swift in Sources */,
				EF932B602869EC4F00F2FAD3 /* ServerError.swift in Sources */,
				EF88EFD8286CBF6D0035F6C3 /* DetailView.swift in Sources */,
				EF88EFDA286CBFCB0035F6C3 /* DetailViewController.swift in Sources */,
				EF932B702869FC4F00F2FAD3 /* MainListView.swift in Sources */,
				EF932B7B286A183700F2FAD3 /* Endpoints.swift in Sources */,
				EF932B79286A101200F2FAD3 /* UIView+Extension.swift in Sources */,
				EFC157B5286B965A0008EF4E /* Version.swift in Sources */,
				EF932B622869EC7B00F2FAD3 /* Request.swift in Sources */,
				EFC157B3286B80470008EF4E /* NetworParser.swift in Sources */,
				EF932B74286A012C00F2FAD3 /* Colors.swift in Sources */,
				EF88EFEB286D470C0035F6C3 /* PaginatorView.swift in Sources */,
				EF932B2D2869E96300F2FAD3 /* ViewController.swift in Sources */,
				EF932B5D2869EBFF00F2FAD3 /* Worker.swift in Sources */,
				EF88EFDC286CC5050035F6C3 /* UIBarButtonItem+Extension.swift in Sources */,
				EF932B72286A008500F2FAD3 /* MainListViewModel.swift in Sources */,
				EF932B7D286A195700F2FAD3 /* Make.swift in Sources */,
				EF932B292869E96300F2FAD3 /* AppDelegate.swift in Sources */,
				EF932B6C2869FA3400F2FAD3 /* BaseViewController.swift in Sources */,
				EF932B2B2869E96300F2FAD3 /* SceneDelegate.swift in Sources */,
				EF88EFE7286CEF0D0035F6C3 /* NavigationBackButton.swift in Sources */,
				EF932B6A2869F9FF00F2FAD3 /* BaseView.swift in Sources */,
				EF88EFDE286CDD7B0035F6C3 /* ItemBoxView.swift in Sources */,
				EF932B77286A017800F2FAD3 /* UIColor+Extenson.swift in Sources */,
				EF932B672869F93300F2FAD3 /* CardViewCell.swift in Sources */,
				EFC157B1286B7EE80008EF4E /* Model.swift in Sources */,
				EF932B642869ECDB00F2FAD3 /* Response.swift in Sources */,
				EFC157B7286B971B0008EF4E /* Vehicle.swift in Sources */,
				EF88EFD5286C972B0035F6C3 /* MainList.swift in Sources */,
				EF932B6E2869FB7F00F2FAD3 /* MainListViewController.swift in Sources */,
			);
			runOnlyForDeploymentPostprocessing = 0;
		};
		EF932B372869E96500F2FAD3 /* Sources */ = {
			isa = PBXSourcesBuildPhase;
			buildActionMask = 2147483647;
			files = (
				EF932B402869E96500F2FAD3 /* WebmotorsTests.swift in Sources */,
			);
			runOnlyForDeploymentPostprocessing = 0;
		};
		EF932B412869E96500F2FAD3 /* Sources */ = {
			isa = PBXSourcesBuildPhase;
			buildActionMask = 2147483647;
			files = (
				EF932B4A2869E96500F2FAD3 /* WebmotorsUITests.swift in Sources */,
				EF932B4C2869E96500F2FAD3 /* WebmotorsUITestsLaunchTests.swift in Sources */,
			);
			runOnlyForDeploymentPostprocessing = 0;
		};
/* End PBXSourcesBuildPhase section */

/* Begin PBXTargetDependency section */
		EF932B3D2869E96500F2FAD3 /* PBXTargetDependency */ = {
			isa = PBXTargetDependency;
			target = EF932B242869E96200F2FAD3 /* Webmotors */;
			targetProxy = EF932B3C2869E96500F2FAD3 /* PBXContainerItemProxy */;
		};
		EF932B472869E96500F2FAD3 /* PBXTargetDependency */ = {
			isa = PBXTargetDependency;
			target = EF932B242869E96200F2FAD3 /* Webmotors */;
			targetProxy = EF932B462869E96500F2FAD3 /* PBXContainerItemProxy */;
		};
/* End PBXTargetDependency section */

/* Begin PBXVariantGroup section */
		EF932B2E2869E96300F2FAD3 /* Main.storyboard */ = {
			isa = PBXVariantGroup;
			children = (
				EF932B2F2869E96300F2FAD3 /* Base */,
			);
			name = Main.storyboard;
			sourceTree = "<group>";
		};
		EF932B332869E96400F2FAD3 /* LaunchScreen.storyboard */ = {
			isa = PBXVariantGroup;
			children = (
				EF932B342869E96400F2FAD3 /* Base */,
			);
			name = LaunchScreen.storyboard;
			sourceTree = "<group>";
		};
/* End PBXVariantGroup section */

/* Begin XCBuildConfiguration section */
		EF932B4D2869E96500F2FAD3 /* Debug */ = {
			isa = XCBuildConfiguration;
			buildSettings = {
				ALWAYS_SEARCH_USER_PATHS = NO;
				CLANG_ANALYZER_NONNULL = YES;
				CLANG_ANALYZER_NUMBER_OBJECT_CONVERSION = YES_AGGRESSIVE;
				CLANG_CXX_LANGUAGE_STANDARD = "gnu++17";
				CLANG_CXX_LIBRARY = "libc++";
				CLANG_ENABLE_MODULES = YES;
				CLANG_ENABLE_OBJC_ARC = YES;
				CLANG_ENABLE_OBJC_WEAK = YES;
				CLANG_WARN_BLOCK_CAPTURE_AUTORELEASING = YES;
				CLANG_WARN_BOOL_CONVERSION = YES;
				CLANG_WARN_COMMA = YES;
				CLANG_WARN_CONSTANT_CONVERSION = YES;
				CLANG_WARN_DEPRECATED_OBJC_IMPLEMENTATIONS = YES;
				CLANG_WARN_DIRECT_OBJC_ISA_USAGE = YES_ERROR;
				CLANG_WARN_DOCUMENTATION_COMMENTS = YES;
				CLANG_WARN_EMPTY_BODY = YES;
				CLANG_WARN_ENUM_CONVERSION = YES;
				CLANG_WARN_INFINITE_RECURSION = YES;
				CLANG_WARN_INT_CONVERSION = YES;
				CLANG_WARN_NON_LITERAL_NULL_CONVERSION = YES;
				CLANG_WARN_OBJC_IMPLICIT_RETAIN_SELF = YES;
				CLANG_WARN_OBJC_LITERAL_CONVERSION = YES;
				CLANG_WARN_OBJC_ROOT_CLASS = YES_ERROR;
				CLANG_WARN_QUOTED_INCLUDE_IN_FRAMEWORK_HEADER = YES;
				CLANG_WARN_RANGE_LOOP_ANALYSIS = YES;
				CLANG_WARN_STRICT_PROTOTYPES = YES;
				CLANG_WARN_SUSPICIOUS_MOVE = YES;
				CLANG_WARN_UNGUARDED_AVAILABILITY = YES_AGGRESSIVE;
				CLANG_WARN_UNREACHABLE_CODE = YES;
				CLANG_WARN__DUPLICATE_METHOD_MATCH = YES;
				COPY_PHASE_STRIP = NO;
				DEBUG_INFORMATION_FORMAT = dwarf;
				ENABLE_STRICT_OBJC_MSGSEND = YES;
				ENABLE_TESTABILITY = YES;
				GCC_C_LANGUAGE_STANDARD = gnu11;
				GCC_DYNAMIC_NO_PIC = NO;
				GCC_NO_COMMON_BLOCKS = YES;
				GCC_OPTIMIZATION_LEVEL = 0;
				GCC_PREPROCESSOR_DEFINITIONS = (
					"DEBUG=1",
					"$(inherited)",
				);
				GCC_WARN_64_TO_32_BIT_CONVERSION = YES;
				GCC_WARN_ABOUT_RETURN_TYPE = YES_ERROR;
				GCC_WARN_UNDECLARED_SELECTOR = YES;
				GCC_WARN_UNINITIALIZED_AUTOS = YES_AGGRESSIVE;
				GCC_WARN_UNUSED_FUNCTION = YES;
				GCC_WARN_UNUSED_VARIABLE = YES;
				IPHONEOS_DEPLOYMENT_TARGET = 15.0;
				MTL_ENABLE_DEBUG_INFO = INCLUDE_SOURCE;
				MTL_FAST_MATH = YES;
				ONLY_ACTIVE_ARCH = YES;
				SDKROOT = iphoneos;
				SWIFT_ACTIVE_COMPILATION_CONDITIONS = DEBUG;
				SWIFT_OPTIMIZATION_LEVEL = "-Onone";
			};
			name = Debug;
		};
		EF932B4E2869E96500F2FAD3 /* Release */ = {
			isa = XCBuildConfiguration;
			buildSettings = {
				ALWAYS_SEARCH_USER_PATHS = NO;
				CLANG_ANALYZER_NONNULL = YES;
				CLANG_ANALYZER_NUMBER_OBJECT_CONVERSION = YES_AGGRESSIVE;
				CLANG_CXX_LANGUAGE_STANDARD = "gnu++17";
				CLANG_CXX_LIBRARY = "libc++";
				CLANG_ENABLE_MODULES = YES;
				CLANG_ENABLE_OBJC_ARC = YES;
				CLANG_ENABLE_OBJC_WEAK = YES;
				CLANG_WARN_BLOCK_CAPTURE_AUTORELEASING = YES;
				CLANG_WARN_BOOL_CONVERSION = YES;
				CLANG_WARN_COMMA = YES;
				CLANG_WARN_CONSTANT_CONVERSION = YES;
				CLANG_WARN_DEPRECATED_OBJC_IMPLEMENTATIONS = YES;
				CLANG_WARN_DIRECT_OBJC_ISA_USAGE = YES_ERROR;
				CLANG_WARN_DOCUMENTATION_COMMENTS = YES;
				CLANG_WARN_EMPTY_BODY = YES;
				CLANG_WARN_ENUM_CONVERSION = YES;
				CLANG_WARN_INFINITE_RECURSION = YES;
				CLANG_WARN_INT_CONVERSION = YES;
				CLANG_WARN_NON_LITERAL_NULL_CONVERSION = YES;
				CLANG_WARN_OBJC_IMPLICIT_RETAIN_SELF = YES;
				CLANG_WARN_OBJC_LITERAL_CONVERSION = YES;
				CLANG_WARN_OBJC_ROOT_CLASS = YES_ERROR;
				CLANG_WARN_QUOTED_INCLUDE_IN_FRAMEWORK_HEADER = YES;
				CLANG_WARN_RANGE_LOOP_ANALYSIS = YES;
				CLANG_WARN_STRICT_PROTOTYPES = YES;
				CLANG_WARN_SUSPICIOUS_MOVE = YES;
				CLANG_WARN_UNGUARDED_AVAILABILITY = YES_AGGRESSIVE;
				CLANG_WARN_UNREACHABLE_CODE = YES;
				CLANG_WARN__DUPLICATE_METHOD_MATCH = YES;
				COPY_PHASE_STRIP = NO;
				DEBUG_INFORMATION_FORMAT = "dwarf-with-dsym";
				ENABLE_NS_ASSERTIONS = NO;
				ENABLE_STRICT_OBJC_MSGSEND = YES;
				GCC_C_LANGUAGE_STANDARD = gnu11;
				GCC_NO_COMMON_BLOCKS = YES;
				GCC_WARN_64_TO_32_BIT_CONVERSION = YES;
				GCC_WARN_ABOUT_RETURN_TYPE = YES_ERROR;
				GCC_WARN_UNDECLARED_SELECTOR = YES;
				GCC_WARN_UNINITIALIZED_AUTOS = YES_AGGRESSIVE;
				GCC_WARN_UNUSED_FUNCTION = YES;
				GCC_WARN_UNUSED_VARIABLE = YES;
				IPHONEOS_DEPLOYMENT_TARGET = 15.0;
				MTL_ENABLE_DEBUG_INFO = NO;
				MTL_FAST_MATH = YES;
				SDKROOT = iphoneos;
				SWIFT_COMPILATION_MODE = wholemodule;
				SWIFT_OPTIMIZATION_LEVEL = "-O";
				VALIDATE_PRODUCT = YES;
			};
			name = Release;
		};
		EF932B502869E96500F2FAD3 /* Debug */ = {
			isa = XCBuildConfiguration;
			baseConfigurationReference = 41F4CAD8AAB6AF69717AA562 /* Pods-Webmotors.debug.xcconfig */;
			buildSettings = {
				ASSETCATALOG_COMPILER_APPICON_NAME = AppIcon;
				ASSETCATALOG_COMPILER_GLOBAL_ACCENT_COLOR_NAME = AccentColor;
				CODE_SIGN_STYLE = Automatic;
				CURRENT_PROJECT_VERSION = 1;
				DEVELOPMENT_TEAM = F48MGZ2AUR;
				GENERATE_INFOPLIST_FILE = YES;
				INFOPLIST_FILE = Webmotors/Info.plist;
				INFOPLIST_KEY_UIApplicationSupportsIndirectInputEvents = YES;
				INFOPLIST_KEY_UILaunchStoryboardName = LaunchScreen;
				INFOPLIST_KEY_UIMainStoryboardFile = Main;
				INFOPLIST_KEY_UISupportedInterfaceOrientations_iPad = "UIInterfaceOrientationPortrait UIInterfaceOrientationPortraitUpsideDown UIInterfaceOrientationLandscapeLeft UIInterfaceOrientationLandscapeRight";
				INFOPLIST_KEY_UISupportedInterfaceOrientations_iPhone = "UIInterfaceOrientationPortrait UIInterfaceOrientationLandscapeLeft UIInterfaceOrientationLandscapeRight";
				LD_RUNPATH_SEARCH_PATHS = (
					"$(inherited)",
					"@executable_path/Frameworks",
				);
				MARKETING_VERSION = 1.0;
				PRODUCT_BUNDLE_IDENTIFIER = tcasablancas.Webmotors;
				PRODUCT_NAME = "$(TARGET_NAME)";
				SWIFT_EMIT_LOC_STRINGS = YES;
				SWIFT_VERSION = 5.0;
				TARGETED_DEVICE_FAMILY = "1,2";
			};
			name = Debug;
		};
		EF932B512869E96500F2FAD3 /* Release */ = {
			isa = XCBuildConfiguration;
			baseConfigurationReference = D7C80E91DA1F389ACCFAD53E /* Pods-Webmotors.release.xcconfig */;
			buildSettings = {
				ASSETCATALOG_COMPILER_APPICON_NAME = AppIcon;
				ASSETCATALOG_COMPILER_GLOBAL_ACCENT_COLOR_NAME = AccentColor;
				CODE_SIGN_STYLE = Automatic;
				CURRENT_PROJECT_VERSION = 1;
				DEVELOPMENT_TEAM = F48MGZ2AUR;
				GENERATE_INFOPLIST_FILE = YES;
				INFOPLIST_FILE = Webmotors/Info.plist;
				INFOPLIST_KEY_UIApplicationSupportsIndirectInputEvents = YES;
				INFOPLIST_KEY_UILaunchStoryboardName = LaunchScreen;
				INFOPLIST_KEY_UIMainStoryboardFile = Main;
				INFOPLIST_KEY_UISupportedInterfaceOrientations_iPad = "UIInterfaceOrientationPortrait UIInterfaceOrientationPortraitUpsideDown UIInterfaceOrientationLandscapeLeft UIInterfaceOrientationLandscapeRight";
				INFOPLIST_KEY_UISupportedInterfaceOrientations_iPhone = "UIInterfaceOrientationPortrait UIInterfaceOrientationLandscapeLeft UIInterfaceOrientationLandscapeRight";
				LD_RUNPATH_SEARCH_PATHS = (
					"$(inherited)",
					"@executable_path/Frameworks",
				);
				MARKETING_VERSION = 1.0;
				PRODUCT_BUNDLE_IDENTIFIER = tcasablancas.Webmotors;
				PRODUCT_NAME = "$(TARGET_NAME)";
				SWIFT_EMIT_LOC_STRINGS = YES;
				SWIFT_VERSION = 5.0;
				TARGETED_DEVICE_FAMILY = "1,2";
			};
			name = Release;
		};
		EF932B532869E96500F2FAD3 /* Debug */ = {
			isa = XCBuildConfiguration;
			baseConfigurationReference = F45F0D99EA732A07C2A327C2 /* Pods-WebmotorsTests.debug.xcconfig */;
			buildSettings = {
				ALWAYS_EMBED_SWIFT_STANDARD_LIBRARIES = YES;
				BUNDLE_LOADER = "$(TEST_HOST)";
				CODE_SIGN_STYLE = Automatic;
				CURRENT_PROJECT_VERSION = 1;
				DEVELOPMENT_TEAM = F48MGZ2AUR;
				GENERATE_INFOPLIST_FILE = YES;
				IPHONEOS_DEPLOYMENT_TARGET = 15.0;
				LD_RUNPATH_SEARCH_PATHS = (
					"$(inherited)",
					"@executable_path/Frameworks",
					"@loader_path/Frameworks",
				);
				MARKETING_VERSION = 1.0;
				PRODUCT_BUNDLE_IDENTIFIER = tcasablancas.WebmotorsTests;
				PRODUCT_NAME = "$(TARGET_NAME)";
				SWIFT_EMIT_LOC_STRINGS = NO;
				SWIFT_VERSION = 5.0;
				TARGETED_DEVICE_FAMILY = "1,2";
				TEST_HOST = "$(BUILT_PRODUCTS_DIR)/Webmotors.app/Webmotors";
			};
			name = Debug;
		};
		EF932B542869E96500F2FAD3 /* Release */ = {
			isa = XCBuildConfiguration;
			baseConfigurationReference = 8983A1687B6CE4E4B5E0D9C6 /* Pods-WebmotorsTests.release.xcconfig */;
			buildSettings = {
				ALWAYS_EMBED_SWIFT_STANDARD_LIBRARIES = YES;
				BUNDLE_LOADER = "$(TEST_HOST)";
				CODE_SIGN_STYLE = Automatic;
				CURRENT_PROJECT_VERSION = 1;
				DEVELOPMENT_TEAM = F48MGZ2AUR;
				GENERATE_INFOPLIST_FILE = YES;
				IPHONEOS_DEPLOYMENT_TARGET = 15.0;
				LD_RUNPATH_SEARCH_PATHS = (
					"$(inherited)",
					"@executable_path/Frameworks",
					"@loader_path/Frameworks",
				);
				MARKETING_VERSION = 1.0;
				PRODUCT_BUNDLE_IDENTIFIER = tcasablancas.WebmotorsTests;
				PRODUCT_NAME = "$(TARGET_NAME)";
				SWIFT_EMIT_LOC_STRINGS = NO;
				SWIFT_VERSION = 5.0;
				TARGETED_DEVICE_FAMILY = "1,2";
				TEST_HOST = "$(BUILT_PRODUCTS_DIR)/Webmotors.app/Webmotors";
			};
			name = Release;
		};
		EF932B562869E96500F2FAD3 /* Debug */ = {
			isa = XCBuildConfiguration;
			baseConfigurationReference = F19EB9246A7674150C6242C7 /* Pods-Webmotors-WebmotorsUITests.debug.xcconfig */;
			buildSettings = {
				ALWAYS_EMBED_SWIFT_STANDARD_LIBRARIES = YES;
				CODE_SIGN_STYLE = Automatic;
				CURRENT_PROJECT_VERSION = 1;
				DEVELOPMENT_TEAM = F48MGZ2AUR;
				GENERATE_INFOPLIST_FILE = YES;
				LD_RUNPATH_SEARCH_PATHS = (
					"$(inherited)",
					"@executable_path/Frameworks",
					"@loader_path/Frameworks",
				);
				MARKETING_VERSION = 1.0;
				PRODUCT_BUNDLE_IDENTIFIER = tcasablancas.WebmotorsUITests;
				PRODUCT_NAME = "$(TARGET_NAME)";
				SWIFT_EMIT_LOC_STRINGS = NO;
				SWIFT_VERSION = 5.0;
				TARGETED_DEVICE_FAMILY = "1,2";
				TEST_TARGET_NAME = Webmotors;
			};
			name = Debug;
		};
		EF932B572869E96500F2FAD3 /* Release */ = {
			isa = XCBuildConfiguration;
			baseConfigurationReference = 9EE2FC9245EBADE571376E30 /* Pods-Webmotors-WebmotorsUITests.release.xcconfig */;
			buildSettings = {
				ALWAYS_EMBED_SWIFT_STANDARD_LIBRARIES = YES;
				CODE_SIGN_STYLE = Automatic;
				CURRENT_PROJECT_VERSION = 1;
				DEVELOPMENT_TEAM = F48MGZ2AUR;
				GENERATE_INFOPLIST_FILE = YES;
				LD_RUNPATH_SEARCH_PATHS = (
					"$(inherited)",
					"@executable_path/Frameworks",
					"@loader_path/Frameworks",
				);
				MARKETING_VERSION = 1.0;
				PRODUCT_BUNDLE_IDENTIFIER = tcasablancas.WebmotorsUITests;
				PRODUCT_NAME = "$(TARGET_NAME)";
				SWIFT_EMIT_LOC_STRINGS = NO;
				SWIFT_VERSION = 5.0;
				TARGETED_DEVICE_FAMILY = "1,2";
				TEST_TARGET_NAME = Webmotors;
			};
			name = Release;
		};
/* End XCBuildConfiguration section */

/* Begin XCConfigurationList section */
		EF932B202869E96200F2FAD3 /* Build configuration list for PBXProject "Webmotors" */ = {
			isa = XCConfigurationList;
			buildConfigurations = (
				EF932B4D2869E96500F2FAD3 /* Debug */,
				EF932B4E2869E96500F2FAD3 /* Release */,
			);
			defaultConfigurationIsVisible = 0;
			defaultConfigurationName = Release;
		};
		EF932B4F2869E96500F2FAD3 /* Build configuration list for PBXNativeTarget "Webmotors" */ = {
			isa = XCConfigurationList;
			buildConfigurations = (
				EF932B502869E96500F2FAD3 /* Debug */,
				EF932B512869E96500F2FAD3 /* Release */,
			);
			defaultConfigurationIsVisible = 0;
			defaultConfigurationName = Release;
		};
		EF932B522869E96500F2FAD3 /* Build configuration list for PBXNativeTarget "WebmotorsTests" */ = {
			isa = XCConfigurationList;
			buildConfigurations = (
				EF932B532869E96500F2FAD3 /* Debug */,
				EF932B542869E96500F2FAD3 /* Release */,
			);
			defaultConfigurationIsVisible = 0;
			defaultConfigurationName = Release;
		};
		EF932B552869E96500F2FAD3 /* Build configuration list for PBXNativeTarget "WebmotorsUITests" */ = {
			isa = XCConfigurationList;
			buildConfigurations = (
				EF932B562869E96500F2FAD3 /* Debug */,
				EF932B572869E96500F2FAD3 /* Release */,
			);
			defaultConfigurationIsVisible = 0;
			defaultConfigurationName = Release;
		};
/* End XCConfigurationList section */
	};
	rootObject = EF932B1D2869E96200F2FAD3 /* Project object */;
}
